
Microsoft Visual Studio Solution File, Format Version 12.00
# Visual Studio Version 17
VisualStudioVersion = 17.9.34723.18
MinimumVisualStudioVersion = 10.0.40219.1
Project("{9A19103F-16F7-4668-BE54-9A1E7A4F7556}") = "TestRedEfectiva.Web", "TestRedEfectiva.Web.csproj", "{F89CA6C3-FAC3-4F46-A777-361DCC6BD26C}"
EndProject
Project("{9A19103F-16F7-4668-BE54-9A1E7A4F7556}") = "TestRedEfectiva.Core", "..\TestRedEfectiva.Core\TestRedEfectiva.Core.csproj", "{CF980B3C-1350-4498-B532-7CB24D9A7162}"
EndProject
Project("{9A19103F-16F7-4668-BE54-9A1E7A4F7556}") = "TesRedEfectiva.Infrastructure", "..\TestRedEfectiva.Infrastructure\TestRedEfectiva.Infrastructure.csproj", "{199EC857-18AA-4599-AFC3-C5371878A41C}"
EndProject
Project("{9A19103F-16F7-4668-BE54-9A1E7A4F7556}") = "TestRedEfectiva.UseCases", "..\TestRedEfectiva.UseCases\TestRedEfectiva.UseCases.csproj", "{D12472B2-7F8D-46B1-87C7-351CA03E3122}"
EndProject
Global
	GlobalSection(SolutionConfigurationPlatforms) = preSolution
		Debug|Any CPU = Debug|Any CPU
		Release|Any CPU = Release|Any CPU
	EndGlobalSection
	GlobalSection(ProjectConfigurationPlatforms) = postSolution
		{F89CA6C3-FAC3-4F46-A777-361DCC6BD26C}.Debug|Any CPU.ActiveCfg = Debug|Any CPU
		{F89CA6C3-FAC3-4F46-A777-361DCC6BD26C}.Debug|Any CPU.Build.0 = Debug|Any CPU
		{F89CA6C3-FAC3-4F46-A777-361DCC6BD26C}.Release|Any CPU.ActiveCfg = Release|Any CPU
		{F89CA6C3-FAC3-4F46-A777-361DCC6BD26C}.Release|Any CPU.Build.0 = Release|Any CPU
		{CF980B3C-1350-4498-B532-7CB24D9A7162}.Debug|Any CPU.ActiveCfg = Debug|Any CPU
		{CF980B3C-1350-4498-B532-7CB24D9A7162}.Debug|Any CPU.Build.0 = Debug|Any CPU
		{CF980B3C-1350-4498-B532-7CB24D9A7162}.Release|Any CPU.ActiveCfg = Release|Any CPU
		{CF980B3C-1350-4498-B532-7CB24D9A7162}.Release|Any CPU.Build.0 = Release|Any CPU
		{199EC857-18AA-4599-AFC3-C5371878A41C}.Debug|Any CPU.ActiveCfg = Debug|Any CPU
		{199EC857-18AA-4599-AFC3-C5371878A41C}.Debug|Any CPU.Build.0 = Debug|Any CPU
		{199EC857-18AA-4599-AFC3-C5371878A41C}.Release|Any CPU.ActiveCfg = Release|Any CPU
		{199EC857-18AA-4599-AFC3-C5371878A41C}.Release|Any CPU.Build.0 = Release|Any CPU
		{D12472B2-7F8D-46B1-87C7-351CA03E3122}.Debug|Any CPU.ActiveCfg = Debug|Any CPU
		{D12472B2-7F8D-46B1-87C7-351CA03E3122}.Debug|Any CPU.Build.0 = Debug|Any CPU
		{D12472B2-7F8D-46B1-87C7-351CA03E3122}.Release|Any CPU.ActiveCfg = Release|Any CPU
		{D12472B2-7F8D-46B1-87C7-351CA03E3122}.Release|Any CPU.Build.0 = Release|Any CPU
	EndGlobalSection
	GlobalSection(SolutionProperties) = preSolution
		HideSolutionNode = FALSE
	EndGlobalSection
	GlobalSection(ExtensibilityGlobals) = postSolution
		SolutionGuid = {B37AA78B-0D19-4479-B5ED-1AAC06A95868}
	EndGlobalSection
EndGlobal
